
Microsoft Visual Studio Solution File, Format Version 12.00
# Visual Studio Version 16
VisualStudioVersion = 16.0.29905.134
MinimumVisualStudioVersion = 10.0.40219.1
Project("{FAE04EC0-301F-11D3-BF4B-00C04F79EFBC}") = "Task_DEV1", "Task_DEV1.csproj", "{71B76987-3D77-413A-9725-EB36F0470DC4}"
EndProject
Project("{FAE04EC0-301F-11D3-BF4B-00C04F79EFBC}") = "UnitTestDEV1", "..\UnitTestDEV1\UnitTestDEV1.csproj", "{EAE5ABFB-F5A7-4EF8-87CB-17202D4DCFEC}"
EndProject
Global
	GlobalSection(SolutionConfigurationPlatforms) = preSolution
		Debug|Any CPU = Debug|Any CPU
		Release|Any CPU = Release|Any CPU
	EndGlobalSection
	GlobalSection(ProjectConfigurationPlatforms) = postSolution
		{71B76987-3D77-413A-9725-EB36F0470DC4}.Debug|Any CPU.ActiveCfg = Debug|Any CPU
		{71B76987-3D77-413A-9725-EB36F0470DC4}.Debug|Any CPU.Build.0 = Debug|Any CPU
		{71B76987-3D77-413A-9725-EB36F0470DC4}.Release|Any CPU.ActiveCfg = Release|Any CPU
		{71B76987-3D77-413A-9725-EB36F0470DC4}.Release|Any CPU.Build.0 = Release|Any CPU
		{EAE5ABFB-F5A7-4EF8-87CB-17202D4DCFEC}.Debug|Any CPU.ActiveCfg = Debug|Any CPU
		{EAE5ABFB-F5A7-4EF8-87CB-17202D4DCFEC}.Debug|Any CPU.Build.0 = Debug|Any CPU
		{EAE5ABFB-F5A7-4EF8-87CB-17202D4DCFEC}.Release|Any CPU.ActiveCfg = Release|Any CPU
		{EAE5ABFB-F5A7-4EF8-87CB-17202D4DCFEC}.Release|Any CPU.Build.0 = Release|Any CPU
	EndGlobalSection
	GlobalSection(SolutionProperties) = preSolution
		HideSolutionNode = FALSE
	EndGlobalSection
	GlobalSection(ExtensibilityGlobals) = postSolution
		SolutionGuid = {3887EE94-9F56-4C1A-825B-506349EBA1E1}
	EndGlobalSection
EndGlobal
