
Microsoft Visual Studio Solution File, Format Version 12.00
# Visual Studio Version 16
VisualStudioVersion = 16.0.29905.134
MinimumVisualStudioVersion = 10.0.40219.1
Project("{FAE04EC0-301F-11D3-BF4B-00C04F79EFBC}") = "task_DEV1.4", "task_DEV1.4.csproj", "{AC18FA50-F740-4760-B1EC-C1A1FAB90D21}"
EndProject
Project("{FAE04EC0-301F-11D3-BF4B-00C04F79EFBC}") = "UnitTestDEV1.4", "..\UnitTestDEV1.4\UnitTestDEV1.4.csproj", "{DFFB06A8-5FE8-4A60-AA41-005F5E5DDCF2}"
EndProject
Global
	GlobalSection(SolutionConfigurationPlatforms) = preSolution
		Debug|Any CPU = Debug|Any CPU
		Release|Any CPU = Release|Any CPU
	EndGlobalSection
	GlobalSection(ProjectConfigurationPlatforms) = postSolution
		{AC18FA50-F740-4760-B1EC-C1A1FAB90D21}.Debug|Any CPU.ActiveCfg = Debug|Any CPU
		{AC18FA50-F740-4760-B1EC-C1A1FAB90D21}.Debug|Any CPU.Build.0 = Debug|Any CPU
		{AC18FA50-F740-4760-B1EC-C1A1FAB90D21}.Release|Any CPU.ActiveCfg = Release|Any CPU
		{AC18FA50-F740-4760-B1EC-C1A1FAB90D21}.Release|Any CPU.Build.0 = Release|Any CPU
		{DFFB06A8-5FE8-4A60-AA41-005F5E5DDCF2}.Debug|Any CPU.ActiveCfg = Debug|Any CPU
		{DFFB06A8-5FE8-4A60-AA41-005F5E5DDCF2}.Debug|Any CPU.Build.0 = Debug|Any CPU
		{DFFB06A8-5FE8-4A60-AA41-005F5E5DDCF2}.Release|Any CPU.ActiveCfg = Release|Any CPU
		{DFFB06A8-5FE8-4A60-AA41-005F5E5DDCF2}.Release|Any CPU.Build.0 = Release|Any CPU
	EndGlobalSection
	GlobalSection(SolutionProperties) = preSolution
		HideSolutionNode = FALSE
	EndGlobalSection
	GlobalSection(ExtensibilityGlobals) = postSolution
		SolutionGuid = {BFC8D26F-99B5-4227-8570-4BF4A04C2577}
	EndGlobalSection
EndGlobal
